{
    "_readme": [
        "This file locks the dependencies of your project to a known state",
        "Read more about it at https://getcomposer.org/doc/01-basic-usage.md#composer-lock-the-lock-file",
        "This file is @generated automatically"
    ],
    "hash": "236d63a7e56fc8d1a43b4d6e01feaaf2",
    "content-hash": "f4c14ac420c5cef1c941a30eba5414e7",
    "packages": [
        {
            "name": "fletchto99/phppebbletimeline",
            "version": "1.1",
            "source": {
                "type": "git",
                "url": "https://github.com/chasepeeler/PHPebbleTimeline.git",
                "reference": "master"
            },
            "type": "library",
            "autoload": {
                "psr-4": {
                    "TimelineAPI\\": "/TimelineAPI"
                }
            }
        },
        {
            "name": "vanilla/garden-cli",
            "version": "v1.6.1",
            "source": {
                "type": "git",
                "url": "https://github.com/vanilla/garden-cli.git",
                "reference": "91d59980460c44d237cadd489b2a1a5755786a30"
            },
            "dist": {
                "type": "zip",
                "url": "https://api.github.com/repos/vanilla/garden-cli/zipball/91d59980460c44d237cadd489b2a1a5755786a30",
                "reference": "91d59980460c44d237cadd489b2a1a5755786a30",
                "shasum": ""
            },
            "require": {
                "php": ">=5.4.0"
            },
            "type": "library",
            "autoload": {
                "psr-4": {
                    "Garden\\Cli\\": "src"
                }
            },
            "notification-url": "https://packagist.org/downloads/",
            "license": [
                "MIT"
            ],
            "authors": [
                {
                    "name": "Todd Burry",
                    "email": "todd@vanillaforums.com"
                }
            ],
            "description": "A full-featured, yet ridiculously simple commandline parser for your next php cli script. Stop fighting with getopt().",
            "time": "2016-04-22 15:36:37"
        }
    ],
    "packages-dev": [],
    "aliases": [],
    "minimum-stability": "stable",
    "stability-flags": [],
    "prefer-stable": false,
    "prefer-lowest": false,
    "platform": [],
    "platform-dev": []
}
